
Microsoft Visual Studio Solution File, Format Version 12.00
# Visual Studio Version 17
VisualStudioVersion = 17.11.35327.3
MinimumVisualStudioVersion = 10.0.40219.1
Project("{FAE04EC0-301F-11D3-BF4B-00C04F79EFBC}") = "API", "API.csproj", "{11E28681-B37F-4AA3-A634-ADF62BB081FC}"
EndProject
Global
	GlobalSection(SolutionConfigurationPlatforms) = preSolution
		Debug|Any CPU = Debug|Any CPU
		Release|Any CPU = Release|Any CPU
	EndGlobalSection
	GlobalSection(ProjectConfigurationPlatforms) = postSolution
		{11E28681-B37F-4AA3-A634-ADF62BB081FC}.Debug|Any CPU.ActiveCfg = Debug|Any CPU
		{11E28681-B37F-4AA3-A634-ADF62BB081FC}.Debug|Any CPU.Build.0 = Debug|Any CPU
		{11E28681-B37F-4AA3-A634-ADF62BB081FC}.Release|Any CPU.ActiveCfg = Release|Any CPU
		{11E28681-B37F-4AA3-A634-ADF62BB081FC}.Release|Any CPU.Build.0 = Release|Any CPU
	EndGlobalSection
	GlobalSection(SolutionProperties) = preSolution
		HideSolutionNode = FALSE
	EndGlobalSection
	GlobalSection(ExtensibilityGlobals) = postSolution
		SolutionGuid = {83F15182-8BCF-4BDA-9C58-874550E4D358}
	EndGlobalSection
EndGlobal
